lockfileVersion: 5.4

specifiers:
  bootstrap: ^5.2.3
  bootstrap-icons: ^1.10.4

dependencies:
  bootstrap: 5.2.3_@popperjs+core@2.11.7
  bootstrap-icons: 1.10.4

packages:

  /@popperjs/core/2.11.7:
    resolution: {integrity: sha512-Cr4OjIkipTtcXKjAsm8agyleBuDHvxzeBoa1v543lbv1YaIwQjESsVcmjiWiPEbC1FIeHOG/Op9kdCmAmiS3Kw==}
    dev: false

  /bootstrap-icons/1.10.4:
    resolution: {integrity: sha512-eI3HyIUmpGKRiRv15FCZccV+2sreGE2NnmH8mtxV/nPOzQVu0sPEj8HhF1MwjJ31IhjF0rgMvtYOX5VqIzcb/A==}
    dev: false

  /bootstrap/5.2.3_@popperjs+core@2.11.7:
    resolution: {integrity: sha512-cEKPM+fwb3cT8NzQZYEu4HilJ3anCrWqh3CHAok1p9jXqMPsPTBhU25fBckEJHJ/p+tTxTFTsFQGM+gaHpi3QQ==}
    peerDependencies:
      '@popperjs/core': ^2.11.6
    dependencies:
      '@popperjs/core': 2.11.7
    dev: false
